
Microsoft Visual Studio Solution File, Format Version 12.00
# Visual Studio Version 17
VisualStudioVersion = 17.14.36811.4
MinimumVisualStudioVersion = 10.0.40219.1
Project("{FAE04EC0-301F-11D3-BF4B-00C04F79EFBC}") = "GestionStock.Client", "GestionStock.Client\GestionStock.Client.csproj", "{67C08AE1-D048-4CF0-AFED-7B44AEF72AA4}"
EndProject
Global
	GlobalSection(SolutionConfigurationPlatforms) = preSolution
		Debug|Any CPU = Debug|Any CPU
		Release|Any CPU = Release|Any CPU
	EndGlobalSection
	GlobalSection(ProjectConfigurationPlatforms) = postSolution
		{67C08AE1-D048-4CF0-AFED-7B44AEF72AA4}.Debug|Any CPU.ActiveCfg = Debug|Any CPU
		{67C08AE1-D048-4CF0-AFED-7B44AEF72AA4}.Debug|Any CPU.Build.0 = Debug|Any CPU
		{67C08AE1-D048-4CF0-AFED-7B44AEF72AA4}.Release|Any CPU.ActiveCfg = Release|Any CPU
		{67C08AE1-D048-4CF0-AFED-7B44AEF72AA4}.Release|Any CPU.Build.0 = Release|Any CPU
	EndGlobalSection
	GlobalSection(SolutionProperties) = preSolution
		HideSolutionNode = FALSE
	EndGlobalSection
	GlobalSection(ExtensibilityGlobals) = postSolution
		SolutionGuid = {B0AC9634-E1AE-4EA0-BF93-4718DD61E2F0}
	EndGlobalSection
EndGlobal
